
Microsoft Visual Studio Solution File, Format Version 12.00
# Visual Studio Version 16
VisualStudioVersion = 16.0.31729.503
MinimumVisualStudioVersion = 10.0.40219.1
Project("{9A19103F-16F7-4668-BE54-9A1E7A4F7556}") = "Druk.API.Open", "Druk.API.Open\Druk.API.Open.csproj", "{3BC38BF0-948D-4A11-A335-B988DEBC3B00}"
EndProject
Project("{9A19103F-16F7-4668-BE54-9A1E7A4F7556}") = "Druk.API.CMS", "Druk.API.CMS\Druk.API.CMS.csproj", "{AD1EA103-7825-4DD5-95A6-CE61C607CB43}"
EndProject
Project("{2150E333-8FDC-42A3-9474-1A3956D46DE8}") = "Tools", "Tools", "{ADB87E8A-A321-40F7-B296-7EC9FF22105A}"
EndProject
Project("{9A19103F-16F7-4668-BE54-9A1E7A4F7556}") = "Druk.Common", "Druk.Common\Druk.Common.csproj", "{CA314980-8DCB-408F-8DF0-2CE360D4F8B1}"
EndProject
Project("{9A19103F-16F7-4668-BE54-9A1E7A4F7556}") = "Druk.Log", "Druk.Log\Druk.Log.csproj", "{9821B1E4-54C0-42BC-8B6A-0DC98C738452}"
EndProject
Project("{9A19103F-16F7-4668-BE54-9A1E7A4F7556}") = "Druk.RabbitMQ", "Druk.RabbitMQ\Druk.RabbitMQ.csproj", "{4744AF37-F797-46C2-BF5B-21F3F0FCE68D}"
EndProject
Project("{2150E333-8FDC-42A3-9474-1A3956D46DE8}") = "Data", "Data", "{3618EA43-3940-452A-ADCF-64106F352E38}"
EndProject
Project("{9A19103F-16F7-4668-BE54-9A1E7A4F7556}") = "Druk.DataCache", "Druk.DataCache\Druk.DataCache.csproj", "{75C42F31-B069-4F21-B0F6-375C291FDF7E}"
EndProject
Project("{9A19103F-16F7-4668-BE54-9A1E7A4F7556}") = "Druk.DB", "Druk.DB\Druk.DB.csproj", "{5B9699C5-9DC0-4B6F-8939-EE67D22AF1B4}"
EndProject
Global
	GlobalSection(SolutionConfigurationPlatforms) = preSolution
		Debug|Any CPU = Debug|Any CPU
		Release|Any CPU = Release|Any CPU
	EndGlobalSection
	GlobalSection(ProjectConfigurationPlatforms) = postSolution
		{3BC38BF0-948D-4A11-A335-B988DEBC3B00}.Debug|Any CPU.ActiveCfg = Debug|Any CPU
		{3BC38BF0-948D-4A11-A335-B988DEBC3B00}.Debug|Any CPU.Build.0 = Debug|Any CPU
		{3BC38BF0-948D-4A11-A335-B988DEBC3B00}.Release|Any CPU.ActiveCfg = Release|Any CPU
		{3BC38BF0-948D-4A11-A335-B988DEBC3B00}.Release|Any CPU.Build.0 = Release|Any CPU
		{AD1EA103-7825-4DD5-95A6-CE61C607CB43}.Debug|Any CPU.ActiveCfg = Debug|Any CPU
		{AD1EA103-7825-4DD5-95A6-CE61C607CB43}.Debug|Any CPU.Build.0 = Debug|Any CPU
		{AD1EA103-7825-4DD5-95A6-CE61C607CB43}.Release|Any CPU.ActiveCfg = Release|Any CPU
		{AD1EA103-7825-4DD5-95A6-CE61C607CB43}.Release|Any CPU.Build.0 = Release|Any CPU
		{CA314980-8DCB-408F-8DF0-2CE360D4F8B1}.Debug|Any CPU.ActiveCfg = Debug|Any CPU
		{CA314980-8DCB-408F-8DF0-2CE360D4F8B1}.Debug|Any CPU.Build.0 = Debug|Any CPU
		{CA314980-8DCB-408F-8DF0-2CE360D4F8B1}.Release|Any CPU.ActiveCfg = Release|Any CPU
		{CA314980-8DCB-408F-8DF0-2CE360D4F8B1}.Release|Any CPU.Build.0 = Release|Any CPU
		{9821B1E4-54C0-42BC-8B6A-0DC98C738452}.Debug|Any CPU.ActiveCfg = Debug|Any CPU
		{9821B1E4-54C0-42BC-8B6A-0DC98C738452}.Debug|Any CPU.Build.0 = Debug|Any CPU
		{9821B1E4-54C0-42BC-8B6A-0DC98C738452}.Release|Any CPU.ActiveCfg = Release|Any CPU
		{9821B1E4-54C0-42BC-8B6A-0DC98C738452}.Release|Any CPU.Build.0 = Release|Any CPU
		{4744AF37-F797-46C2-BF5B-21F3F0FCE68D}.Debug|Any CPU.ActiveCfg = Debug|Any CPU
		{4744AF37-F797-46C2-BF5B-21F3F0FCE68D}.Debug|Any CPU.Build.0 = Debug|Any CPU
		{4744AF37-F797-46C2-BF5B-21F3F0FCE68D}.Release|Any CPU.ActiveCfg = Release|Any CPU
		{4744AF37-F797-46C2-BF5B-21F3F0FCE68D}.Release|Any CPU.Build.0 = Release|Any CPU
		{75C42F31-B069-4F21-B0F6-375C291FDF7E}.Debug|Any CPU.ActiveCfg = Debug|Any CPU
		{75C42F31-B069-4F21-B0F6-375C291FDF7E}.Debug|Any CPU.Build.0 = Debug|Any CPU
		{75C42F31-B069-4F21-B0F6-375C291FDF7E}.Release|Any CPU.ActiveCfg = Release|Any CPU
		{75C42F31-B069-4F21-B0F6-375C291FDF7E}.Release|Any CPU.Build.0 = Release|Any CPU
		{5B9699C5-9DC0-4B6F-8939-EE67D22AF1B4}.Debug|Any CPU.ActiveCfg = Debug|Any CPU
		{5B9699C5-9DC0-4B6F-8939-EE67D22AF1B4}.Debug|Any CPU.Build.0 = Debug|Any CPU
		{5B9699C5-9DC0-4B6F-8939-EE67D22AF1B4}.Release|Any CPU.ActiveCfg = Release|Any CPU
		{5B9699C5-9DC0-4B6F-8939-EE67D22AF1B4}.Release|Any CPU.Build.0 = Release|Any CPU
	EndGlobalSection
	GlobalSection(SolutionProperties) = preSolution
		HideSolutionNode = FALSE
	EndGlobalSection
	GlobalSection(NestedProjects) = preSolution
		{CA314980-8DCB-408F-8DF0-2CE360D4F8B1} = {ADB87E8A-A321-40F7-B296-7EC9FF22105A}
		{9821B1E4-54C0-42BC-8B6A-0DC98C738452} = {ADB87E8A-A321-40F7-B296-7EC9FF22105A}
		{4744AF37-F797-46C2-BF5B-21F3F0FCE68D} = {ADB87E8A-A321-40F7-B296-7EC9FF22105A}
		{75C42F31-B069-4F21-B0F6-375C291FDF7E} = {3618EA43-3940-452A-ADCF-64106F352E38}
		{5B9699C5-9DC0-4B6F-8939-EE67D22AF1B4} = {3618EA43-3940-452A-ADCF-64106F352E38}
	EndGlobalSection
	GlobalSection(ExtensibilityGlobals) = postSolution
		SolutionGuid = {26CFE817-0EAB-4A10-87B1-3815DAE07DC4}
	EndGlobalSection
EndGlobal
